
Microsoft Visual Studio Solution File, Format Version 12.00
# Visual Studio 2013
VisualStudioVersion = 12.0.40629.0
MinimumVisualStudioVersion = 10.0.40219.1
Project("{2150E333-8FDC-42A3-9474-1A3956D46DE8}") = ".paket", ".paket", "{26A47951-78E0-4591-AA33-D24514D6AE88}"
	ProjectSection(SolutionItems) = preProject
		paket.dependencies = paket.dependencies
	EndProjectSection
EndProject
Project("{FAE04EC0-301F-11D3-BF4B-00C04F79EFBC}") = "Baseclass.SharedResource", "Baseclass.SharedResource\Baseclass.SharedResource.csproj", "{4240C839-D9A3-4637-B34C-C0CCA17681A0}"
EndProject
Global
	GlobalSection(SolutionConfigurationPlatforms) = preSolution
		Debug|Any CPU = Debug|Any CPU
		Release|Any CPU = Release|Any CPU
	EndGlobalSection
	GlobalSection(ProjectConfigurationPlatforms) = postSolution
		{4240C839-D9A3-4637-B34C-C0CCA17681A0}.Debug|Any CPU.ActiveCfg = Debug|Any CPU
		{4240C839-D9A3-4637-B34C-C0CCA17681A0}.Debug|Any CPU.Build.0 = Debug|Any CPU
		{4240C839-D9A3-4637-B34C-C0CCA17681A0}.Release|Any CPU.ActiveCfg = Release|Any CPU
		{4240C839-D9A3-4637-B34C-C0CCA17681A0}.Release|Any CPU.Build.0 = Release|Any CPU
	EndGlobalSection
	GlobalSection(SolutionProperties) = preSolution
		HideSolutionNode = FALSE
	EndGlobalSection
EndGlobal
